// !$*UTF8*$!
{
	archiveVersion = 1;
	classes = {
	};
	objectVersion = 48;
	objects = {

/* Begin PBXBuildFile section */
		85CC6A821F871CBB00EA62F4 /* AppDelegate.swift in Sources */ = {isa = PBXBuildFile; fileRef = 85CC6A811F871CBB00EA62F4 /* AppDelegate.swift */; };
		85CC6A841F871CBB00EA62F4 /* art.scnassets in Resources */ = {isa = PBXBuildFile; fileRef = 85CC6A831F871CBB00EA62F4 /* art.scnassets */; };
		85CC6A861F871CBB00EA62F4 /* ViewController.swift in Sources */ = {isa = PBXBuildFile; fileRef = 85CC6A851F871CBB00EA62F4 /* ViewController.swift */; };
		85CC6A891F871CBB00EA62F4 /* Main.storyboard in Resources */ = {isa = PBXBuildFile; fileRef = 85CC6A871F871CBB00EA62F4 /* Main.storyboard */; };
		85CC6A8B1F871CBB00EA62F4 /* Assets.xcassets in Resources */ = {isa = PBXBuildFile; fileRef = 85CC6A8A1F871CBB00EA62F4 /* Assets.xcassets */; };
		85CC6A8E1F871CBB00EA62F4 /* LaunchScreen.storyboard in Resources */ = {isa = PBXBuildFile; fileRef = 85CC6A8C1F871CBB00EA62F4 /* LaunchScreen.storyboard */; };
		85CC6A991F871CBB00EA62F4 /* WQARkitTests.swift in Sources */ = {isa = PBXBuildFile; fileRef = 85CC6A981F871CBB00EA62F4 /* WQARkitTests.swift */; };
		85CC6AA41F871CBB00EA62F4 /* WQARkitUITests.swift in Sources */ = {isa = PBXBuildFile; fileRef = 85CC6AA31F871CBB00EA62F4 /* WQARkitUITests.swift */; };
/* End PBXBuildFile section */

/* Begin PBXContainerItemProxy section */
		85CC6A951F871CBB00EA62F4 /* PBXContainerItemProxy */ = {
			isa = PBXContainerItemProxy;
			containerPortal = 85CC6A761F871CBB00EA62F4 /* Project object */;
			proxyType = 1;
			remoteGlobalIDString = 85CC6A7D1F871CBB00EA62F4;
			remoteInfo = WQARkit;
		};
		85CC6AA01F871CBB00EA62F4 /* PBXContainerItemProxy */ = {
			isa = PBXContainerItemProxy;
			containerPortal = 85CC6A761F871CBB00EA62F4 /* Project object */;
			proxyType = 1;
			remoteGlobalIDString = 85CC6A7D1F871CBB00EA62F4;
			remoteInfo = WQARkit;
		};
/* End PBXContainerItemProxy section */

/* Begin PBXFileReference section */
		85CC6A7E1F871CBB00EA62F4 /* WQARkit.app */ = {isa = PBXFileReference; explicitFileType = wrapper.application; includeInIndex = 0; path = WQARkit.app; sourceTree = BUILT_PRODUCTS_DIR; };
		85CC6A811F871CBB00EA62F4 /* AppDelegate.swift */ = {isa = PBXFileReference; lastKnownFileType = sourcecode.swift; path = AppDelegate.swift; sourceTree = "<group>"; };
		85CC6A831F871CBB00EA62F4 /* art.scnassets */ = {isa = PBXFileReference; lastKnownFileType = wrapper.scnassets; path = art.scnassets; sourceTree = "<group>"; };
		85CC6A851F871CBB00EA62F4 /* ViewController.swift */ = {isa = PBXFileReference; lastKnownFileType = sourcecode.swift; path = ViewController.swift; sourceTree = "<group>"; };
		85CC6A881F871CBB00EA62F4 /* Base */ = {isa = PBXFileReference; lastKnownFileType = file.storyboard; name = Base; path = Base.lproj/Main.storyboard; sourceTree = "<group>"; };
		85CC6A8A1F871CBB00EA62F4 /* Assets.xcassets */ = {isa = PBXFileReference; lastKnownFileType = folder.assetcatalog; path = Assets.xcassets; sourceTree = "<group>"; };
		85CC6A8D1F871CBB00EA62F4 /* Base */ = {isa = PBXFileReference; lastKnownFileType = file.storyboard; name = Base; path = Base.lproj/LaunchScreen.storyboard; sourceTree = "<group>"; };
		85CC6A8F1F871CBB00EA62F4 /* Info.plist */ = {isa = PBXFileReference; lastKnownFileType = text.plist.xml; path = Info.plist; sourceTree = "<group>"; };
		85CC6A941F871CBB00EA62F4 /* WQARkitTests.xctest */ = {isa = PBXFileReference; explicitFileType = wrapper.cfbundle; includeInIndex = 0; path = WQARkitTests.xctest; sourceTree = BUILT_PRODUCTS_DIR; };
		85CC6A981F871CBB00EA62F4 /* WQARkitTests.swift */ = {isa = PBXFileReference; lastKnownFileType = sourcecode.swift; path = WQARkitTests.swift; sourceTree = "<group>"; };
		85CC6A9A1F871CBB00EA62F4 /* Info.plist */ = {isa = PBXFileReference; lastKnownFileType = text.plist.xml; path = Info.plist; sourceTree = "<group>"; };
		85CC6A9F1F871CBB00EA62F4 /* WQARkitUITests.xctest */ = {isa = PBXFileReference; explicitFileType = wrapper.cfbundle; includeInIndex = 0; path = WQARkitUITests.xctest; sourceTree = BUILT_PRODUCTS_DIR; };
		85CC6AA31F871CBB00EA62F4 /* WQARkitUITests.swift */ = {isa = PBXFileReference; lastKnownFileType = sourcecode.swift; path = WQARkitUITests.swift; sourceTree = "<group>"; };
		85CC6AA51F871CBB00EA62F4 /* Info.plist */ = {isa = PBXFileReference; lastKnownFileType = text.plist.xml; path = Info.plist; sourceTree = "<group>"; };
/* End PBXFileReference section */

/* Begin PBXFrameworksBuildPhase section */
		85CC6A7B1F871CBB00EA62F4 /* Frameworks */ = {
			isa = PBXFrameworksBuildPhase;
			buildActionMask = 2147483647;
			files = (
			);
			runOnlyForDeploymentPostprocessing = 0;
		};
		85CC6A911F871CBB00EA62F4 /* Frameworks */ = {
			isa = PBXFrameworksBuildPhase;
			buildActionMask = 2147483647;
			files = (
			);
			runOnlyForDeploymentPostprocessing = 0;
		};
		85CC6A9C1F871CBB00EA62F4 /* Frameworks */ = {
			isa = PBXFrameworksBuildPhase;
			buildActionMask = 2147483647;
			files = (
			);
			runOnlyForDeploymentPostprocessing = 0;
		};
/* End PBXFrameworksBuildPhase section */

/* Begin PBXGroup section */
		85CC6A751F871CBB00EA62F4 = {
			isa = PBXGroup;
			children = (
				85CC6A801F871CBB00EA62F4 /* WQARkit */,
				85CC6A971F871CBB00EA62F4 /* WQARkitTests */,
				85CC6AA21F871CBB00EA62F4 /* WQARkitUITests */,
				85CC6A7F1F871CBB00EA62F4 /* Products */,
			);
			sourceTree = "<group>";
		};
		85CC6A7F1F871CBB00EA62F4 /* Products */ = {
			isa = PBXGroup;
			children = (
				85CC6A7E1F871CBB00EA62F4 /* WQARkit.app */,
				85CC6A941F871CBB00EA62F4 /* WQARkitTests.xctest */,
				85CC6A9F1F871CBB00EA62F4 /* WQARkitUITests.xctest */,
			);
			name = Products;
			sourceTree = "<group>";
		};
		85CC6A801F871CBB00EA62F4 /* WQARkit */ = {
			isa = PBXGroup;
			children = (
				85CC6A811F871CBB00EA62F4 /* AppDelegate.swift */,
				85CC6A831F871CBB00EA62F4 /* art.scnassets */,
				85CC6A851F871CBB00EA62F4 /* ViewController.swift */,
				85CC6A871F871CBB00EA62F4 /* Main.storyboard */,
				85CC6A8A1F871CBB00EA62F4 /* Assets.xcassets */,
				85CC6A8C1F871CBB00EA62F4 /* LaunchScreen.storyboard */,
				85CC6A8F1F871CBB00EA62F4 /* Info.plist */,
			);
			path = WQARkit;
			sourceTree = "<group>";
		};
		85CC6A971F871CBB00EA62F4 /* WQARkitTests */ = {
			isa = PBXGroup;
			children = (
				85CC6A981F871CBB00EA62F4 /* WQARkitTests.swift */,
				85CC6A9A1F871CBB00EA62F4 /* Info.plist */,
			);
			path = WQARkitTests;
			sourceTree = "<group>";
		};
		85CC6AA21F871CBB00EA62F4 /* WQARkitUITests */ = {
			isa = PBXGroup;
			children = (
				85CC6AA31F871CBB00EA62F4 /* WQARkitUITests.swift */,
				85CC6AA51F871CBB00EA62F4 /* Info.plist */,
			);
			path = WQARkitUITests;
			sourceTree = "<group>";
		};
/* End PBXGroup section */

/* Begin PBXNativeTarget section */
		85CC6A7D1F871CBB00EA62F4 /* WQARkit */ = {
			isa = PBXNativeTarget;
			buildConfigurationList = 85CC6AA81F871CBB00EA62F4 /* Build configuration list for PBXNativeTarget "WQARkit" */;
			buildPhases = (
				85CC6A7A1F871CBB00EA62F4 /* Sources */,
				85CC6A7B1F871CBB00EA62F4 /* Frameworks */,
				85CC6A7C1F871CBB00EA62F4 /* Resources */,
			);
			buildRules = (
			);
			dependencies = (
			);
			name = WQARkit;
			productName = WQARkit;
			productReference = 85CC6A7E1F871CBB00EA62F4 /* WQARkit.app */;
			productType = "com.apple.product-type.application";
		};
		85CC6A931F871CBB00EA62F4 /* WQARkitTests */ = {
			isa = PBXNativeTarget;
			buildConfigurationList = 85CC6AAB1F871CBB00EA62F4 /* Build configuration list for PBXNativeTarget "WQARkitTests" */;
			buildPhases = (
				85CC6A901F871CBB00EA62F4 /* Sources */,
				85CC6A911F871CBB00EA62F4 /* Frameworks */,
				85CC6A921F871CBB00EA62F4 /* Resources */,
			);
			buildRules = (
			);
			dependencies = (
				85CC6A961F871CBB00EA62F4 /* PBXTargetDependency */,
			);
			name = WQARkitTests;
			productName = WQARkitTests;
			productReference = 85CC6A941F871CBB00EA62F4 /* WQARkitTests.xctest */;
			productType = "com.apple.product-type.bundle.unit-test";
		};
		85CC6A9E1F871CBB00EA62F4 /* WQARkitUITests */ = {
			isa = PBXNativeTarget;
			buildConfigurationList = 85CC6AAE1F871CBB00EA62F4 /* Build configuration list for PBXNativeTarget "WQARkitUITests" */;
			buildPhases = (
				85CC6A9B1F871CBB00EA62F4 /* Sources */,
				85CC6A9C1F871CBB00EA62F4 /* Frameworks */,
				85CC6A9D1F871CBB00EA62F4 /* Resources */,
			);
			buildRules = (
			);
			dependencies = (
				85CC6AA11F871CBB00EA62F4 /* PBXTargetDependency */,
			);
			name = WQARkitUITests;
			productName = WQARkitUITests;
			productReference = 85CC6A9F1F871CBB00EA62F4 /* WQARkitUITests.xctest */;
			productType = "com.apple.product-type.bundle.ui-testing";
		};
/* End PBXNativeTarget section */

/* Begin PBXProject section */
		85CC6A761F871CBB00EA62F4 /* Project object */ = {
			isa = PBXProject;
			attributes = {
				LastSwiftUpdateCheck = 0900;
				LastUpgradeCheck = 0900;
				ORGANIZATIONNAME = huwenqiang;
				TargetAttributes = {
					85CC6A7D1F871CBB00EA62F4 = {
						CreatedOnToolsVersion = 9.0;
						ProvisioningStyle = Automatic;
					};
					85CC6A931F871CBB00EA62F4 = {
						CreatedOnToolsVersion = 9.0;
						ProvisioningStyle = Automatic;
						TestTargetID = 85CC6A7D1F871CBB00EA62F4;
					};
					85CC6A9E1F871CBB00EA62F4 = {
						CreatedOnToolsVersion = 9.0;
						ProvisioningStyle = Automatic;
						TestTargetID = 85CC6A7D1F871CBB00EA62F4;
					};
				};
			};
			buildConfigurationList = 85CC6A791F871CBB00EA62F4 /* Build configuration list for PBXProject "WQARkit" */;
			compatibilityVersion = "Xcode 8.0";
			developmentRegion = en;
			hasScannedForEncodings = 0;
			knownRegions = (
				en,
				Base,
			);
			mainGroup = 85CC6A751F871CBB00EA62F4;
			productRefGroup = 85CC6A7F1F871CBB00EA62F4 /* Products */;
			projectDirPath = "";
			projectRoot = "";
			targets = (
				85CC6A7D1F871CBB00EA62F4 /* WQARkit */,
				85CC6A931F871CBB00EA62F4 /* WQARkitTests */,
				85CC6A9E1F871CBB00EA62F4 /* WQARkitUITests */,
			);
		};
/* End PBXProject section */

/* Begin PBXResourcesBuildPhase section */
		85CC6A7C1F871CBB00EA62F4 /* Resources */ = {
			isa = PBXResourcesBuildPhase;
			buildActionMask = 2147483647;
			files = (
				85CC6A841F871CBB00EA62F4 /* art.scnassets in Resources */,
				85CC6A8E1F871CBB00EA62F4 /* LaunchScreen.storyboard in Resources */,
				85CC6A8B1F871CBB00EA62F4 /* Assets.xcassets in Resources */,
				85CC6A891F871CBB00EA62F4 /* Main.storyboard in Resources */,
			);
			runOnlyForDeploymentPostprocessing = 0;
		};
		85CC6A921F871CBB00EA62F4 /* Resources */ = {
			isa = PBXResourcesBuildPhase;
			buildActionMask = 2147483647;
			files = (
			);
			runOnlyForDeploymentPostprocessing = 0;
		};
		85CC6A9D1F871CBB00EA62F4 /* Resources */ = {
			isa = PBXResourcesBuildPhase;
			buildActionMask = 2147483647;
			files = (
			);
			runOnlyForDeploymentPostprocessing = 0;
		};
/* End PBXResourcesBuildPhase section */

/* Begin PBXSourcesBuildPhase section */
		85CC6A7A1F871CBB00EA62F4 /* Sources */ = {
			isa = PBXSourcesBuildPhase;
			buildActionMask = 2147483647;
			files = (
				85CC6A861F871CBB00EA62F4 /* ViewController.swift in Sources */,
				85CC6A821F871CBB00EA62F4 /* AppDelegate.swift in Sources */,
			);
			runOnlyForDeploymentPostprocessing = 0;
		};
		85CC6A901F871CBB00EA62F4 /* Sources */ = {
			isa = PBXSourcesBuildPhase;
			buildActionMask = 2147483647;
			files = (
				85CC6A991F871CBB00EA62F4 /* WQARkitTests.swift in Sources */,
			);
			runOnlyForDeploymentPostprocessing = 0;
		};
		85CC6A9B1F871CBB00EA62F4 /* Sources */ = {
			isa = PBXSourcesBuildPhase;
			buildActionMask = 2147483647;
			files = (
				85CC6AA41F871CBB00EA62F4 /* WQARkitUITests.swift in Sources */,
			);
			runOnlyForDeploymentPostprocessing = 0;
		};
/* End PBXSourcesBuildPhase section */

/* Begin PBXTargetDependency section */
		85CC6A961F871CBB00EA62F4 /* PBXTargetDependency */ = {
			isa = PBXTargetDependency;
			target = 85CC6A7D1F871CBB00EA62F4 /* WQARkit */;
			targetProxy = 85CC6A951F871CBB00EA62F4 /* PBXContainerItemProxy */;
		};
		85CC6AA11F871CBB00EA62F4 /* PBXTargetDependency */ = {
			isa = PBXTargetDependency;
			target = 85CC6A7D1F871CBB00EA62F4 /* WQARkit */;
			targetProxy = 85CC6AA01F871CBB00EA62F4 /* PBXContainerItemProxy */;
		};
/* End PBXTargetDependency section */

/* Begin PBXVariantGroup section */
		85CC6A871F871CBB00EA62F4 /* Main.storyboard */ = {
			isa = PBXVariantGroup;
			children = (
				85CC6A881F871CBB00EA62F4 /* Base */,
			);
			name = Main.storyboard;
			sourceTree = "<group>";
		};
		85CC6A8C1F871CBB00EA62F4 /* LaunchScreen.storyboard */ = {
			isa = PBXVariantGroup;
			children = (
				85CC6A8D1F871CBB00EA62F4 /* Base */,
			);
			name = LaunchScreen.storyboard;
			sourceTree = "<group>";
		};
/* End PBXVariantGroup section */

/* Begin XCBuildConfiguration section */
		85CC6AA61F871CBB00EA62F4 /* Debug */ = {
			isa = XCBuildConfiguration;
			buildSettings = {
				ALWAYS_SEARCH_USER_PATHS = NO;
				CLANG_ANALYZER_NONNULL = YES;
				CLANG_ANALYZER_NUMBER_OBJECT_CONVERSION = YES_AGGRESSIVE;
				CLANG_CXX_LANGUAGE_STANDARD = "gnu++14";
				CLANG_CXX_LIBRARY = "libc++";
				CLANG_ENABLE_MODULES = YES;
				CLANG_ENABLE_OBJC_ARC = YES;
				CLANG_WARN_BLOCK_CAPTURE_AUTORELEASING = YES;
				CLANG_WARN_BOOL_CONVERSION = YES;
				CLANG_WARN_COMMA = YES;
				CLANG_WARN_CONSTANT_CONVERSION = YES;
				CLANG_WARN_DIRECT_OBJC_ISA_USAGE = YES_ERROR;
				CLANG_WARN_DOCUMENTATION_COMMENTS = YES;
				CLANG_WARN_EMPTY_BODY = YES;
				CLANG_WARN_ENUM_CONVERSION = YES;
				CLANG_WARN_INFINITE_RECURSION = YES;
				CLANG_WARN_INT_CONVERSION = YES;
				CLANG_WARN_NON_LITERAL_NULL_CONVERSION = YES;
				CLANG_WARN_OBJC_LITERAL_CONVERSION = YES;
				CLANG_WARN_OBJC_ROOT_CLASS = YES_ERROR;
				CLANG_WARN_RANGE_LOOP_ANALYSIS = YES;
				CLANG_WARN_STRICT_PROTOTYPES = YES;
				CLANG_WARN_SUSPICIOUS_MOVE = YES;
				CLANG_WARN_UNGUARDED_AVAILABILITY = YES_AGGRESSIVE;
				CLANG_WARN_UNREACHABLE_CODE = YES;
				CLANG_WARN__DUPLICATE_METHOD_MATCH = YES;
				CODE_SIGN_IDENTITY = "iPhone Developer";
				COPY_PHASE_STRIP = NO;
				DEBUG_INFORMATION_FORMAT = dwarf;
				ENABLE_STRICT_OBJC_MSGSEND = YES;
				ENABLE_TESTABILITY = YES;
				GCC_C_LANGUAGE_STANDARD = gnu11;
				GCC_DYNAMIC_NO_PIC = NO;
				GCC_NO_COMMON_BLOCKS = YES;
				GCC_OPTIMIZATION_LEVEL = 0;
				GCC_PREPROCESSOR_DEFINITIONS = (
					"DEBUG=1",
					"$(inherited)",
				);
				GCC_WARN_64_TO_32_BIT_CONVERSION = YES;
				GCC_WARN_ABOUT_RETURN_TYPE = YES_ERROR;
				GCC_WARN_UNDECLARED_SELECTOR = YES;
				GCC_WARN_UNINITIALIZED_AUTOS = YES_AGGRESSIVE;
				GCC_WARN_UNUSED_FUNCTION = YES;
				GCC_WARN_UNUSED_VARIABLE = YES;
				IPHONEOS_DEPLOYMENT_TARGET = 11.0;
				MTL_ENABLE_DEBUG_INFO = YES;
				ONLY_ACTIVE_ARCH = YES;
				SDKROOT = iphoneos;
				SWIFT_ACTIVE_COMPILATION_CONDITIONS = DEBUG;
				SWIFT_OPTIMIZATION_LEVEL = "-Onone";
			};
			name = Debug;
		};
		85CC6AA71F871CBB00EA62F4 /* Release */ = {
			isa = XCBuildConfiguration;
			buildSettings = {
				ALWAYS_SEARCH_USER_PATHS = NO;
				CLANG_ANALYZER_NONNULL = YES;
				CLANG_ANALYZER_NUMBER_OBJECT_CONVERSION = YES_AGGRESSIVE;
				CLANG_CXX_LANGUAGE_STANDARD = "gnu++14";
				CLANG_CXX_LIBRARY = "libc++";
				CLANG_ENABLE_MODULES = YES;
				CLANG_ENABLE_OBJC_ARC = YES;
				CLANG_WARN_BLOCK_CAPTURE_AUTORELEASING = YES;
				CLANG_WARN_BOOL_CONVERSION = YES;
				CLANG_WARN_COMMA = YES;
				CLANG_WARN_CONSTANT_CONVERSION = YES;
				CLANG_WARN_DIRECT_OBJC_ISA_USAGE = YES_ERROR;
				CLANG_WARN_DOCUMENTATION_COMMENTS = YES;
				CLANG_WARN_EMPTY_BODY = YES;
				CLANG_WARN_ENUM_CONVERSION = YES;
				CLANG_WARN_INFINITE_RECURSION = YES;
				CLANG_WARN_INT_CONVERSION = YES;
				CLANG_WARN_NON_LITERAL_NULL_CONVERSION = YES;
				CLANG_WARN_OBJC_LITERAL_CONVERSION = YES;
				CLANG_WARN_OBJC_ROOT_CLASS = YES_ERROR;
				CLANG_WARN_RANGE_LOOP_ANALYSIS = YES;
				CLANG_WARN_STRICT_PROTOTYPES = YES;
				CLANG_WARN_SUSPICIOUS_MOVE = YES;
				CLANG_WARN_UNGUARDED_AVAILABILITY = YES_AGGRESSIVE;
				CLANG_WARN_UNREACHABLE_CODE = YES;
				CLANG_WARN__DUPLICATE_METHOD_MATCH = YES;
				CODE_SIGN_IDENTITY = "iPhone Developer";
				COPY_PHASE_STRIP = NO;
				DEBUG_INFORMATION_FORMAT = "dwarf-with-dsym";
				ENABLE_NS_ASSERTIONS = NO;
				ENABLE_STRICT_OBJC_MSGSEND = YES;
				GCC_C_LANGUAGE_STANDARD = gnu11;
				GCC_NO_COMMON_BLOCKS = YES;
				GCC_WARN_64_TO_32_BIT_CONVERSION = YES;
				GCC_WARN_ABOUT_RETURN_TYPE = YES_ERROR;
				GCC_WARN_UNDECLARED_SELECTOR = YES;
				GCC_WARN_UNINITIALIZED_AUTOS = YES_AGGRESSIVE;
				GCC_WARN_UNUSED_FUNCTION = YES;
				GCC_WARN_UNUSED_VARIABLE = YES;
				IPHONEOS_DEPLOYMENT_TARGET = 11.0;
				MTL_ENABLE_DEBUG_INFO = NO;
				SDKROOT = iphoneos;
				SWIFT_OPTIMIZATION_LEVEL = "-Owholemodule";
				VALIDATE_PRODUCT = YES;
			};
			name = Release;
		};
		85CC6AA91F871CBB00EA62F4 /* Debug */ = {
			isa = XCBuildConfiguration;
			buildSettings = {
				ASSETCATALOG_COMPILER_APPICON_NAME = AppIcon;
				CODE_SIGN_STYLE = Automatic;
				DEVELOPMENT_TEAM = PELSMU7R83;
				INFOPLIST_FILE = WQARkit/Info.plist;
				IPHONEOS_DEPLOYMENT_TARGET = 9.0;
				LD_RUNPATH_SEARCH_PATHS = "$(inherited) @executable_path/Frameworks";
				PRODUCT_BUNDLE_IDENTIFIER = com.huwenqiang.WQARkit;
				PRODUCT_NAME = "$(TARGET_NAME)";
				SWIFT_VERSION = 4.0;
				TARGETED_DEVICE_FAMILY = "1,2";
			};
			name = Debug;
		};
		85CC6AAA1F871CBB00EA62F4 /* Release */ = {
			isa = XCBuildConfiguration;
			buildSettings = {
				ASSETCATALOG_COMPILER_APPICON_NAME = AppIcon;
				CODE_SIGN_STYLE = Automatic;
				DEVELOPMENT_TEAM = PELSMU7R83;
				INFOPLIST_FILE = WQARkit/Info.plist;
				IPHONEOS_DEPLOYMENT_TARGET = 9.0;
				LD_RUNPATH_SEARCH_PATHS = "$(inherited) @executable_path/Frameworks";
				PRODUCT_BUNDLE_IDENTIFIER = com.huwenqiang.WQARkit;
				PRODUCT_NAME = "$(TARGET_NAME)";
				SWIFT_VERSION = 4.0;
				TARGETED_DEVICE_FAMILY = "1,2";
			};
			name = Release;
		};
		85CC6AAC1F871CBB00EA62F4 /* Debug */ = {
			isa = XCBuildConfiguration;
			buildSettings = {
				ALWAYS_EMBED_SWIFT_STANDARD_LIBRARIES = YES;
				BUNDLE_LOADER = "$(TEST_HOST)";
				CODE_SIGN_STYLE = Automatic;
				DEVELOPMENT_TEAM = PELSMU7R83;
				INFOPLIST_FILE = WQARkitTests/Info.plist;
				LD_RUNPATH_SEARCH_PATHS = "$(inherited) @executable_path/Frameworks @loader_path/Frameworks";
				PRODUCT_BUNDLE_IDENTIFIER = com.huwenqiang.WQARkitTests;
				PRODUCT_NAME = "$(TARGET_NAME)";
				SWIFT_VERSION = 4.0;
				TARGETED_DEVICE_FAMILY = "1,2";
				TEST_HOST = "$(BUILT_PRODUCTS_DIR)/WQARkit.app/WQARkit";
			};
			name = Debug;
		};
		85CC6AAD1F871CBB00EA62F4 /* Release */ = {
			isa = XCBuildConfiguration;
			buildSettings = {
				ALWAYS_EMBED_SWIFT_STANDARD_LIBRARIES = YES;
				BUNDLE_LOADER = "$(TEST_HOST)";
				CODE_SIGN_STYLE = Automatic;
				DEVELOPMENT_TEAM = PELSMU7R83;
				INFOPLIST_FILE = WQARkitTests/Info.plist;
				LD_RUNPATH_SEARCH_PATHS = "$(inherited) @executable_path/Frameworks @loader_path/Frameworks";
				PRODUCT_BUNDLE_IDENTIFIER = com.huwenqiang.WQARkitTests;
				PRODUCT_NAME = "$(TARGET_NAME)";
				SWIFT_VERSION = 4.0;
				TARGETED_DEVICE_FAMILY = "1,2";
				TEST_HOST = "$(BUILT_PRODUCTS_DIR)/WQARkit.app/WQARkit";
			};
			name = Release;
		};
		85CC6AAF1F871CBB00EA62F4 /* Debug */ = {
			isa = XCBuildConfiguration;
			buildSettings = {
				ALWAYS_EMBED_SWIFT_STANDARD_LIBRARIES = YES;
				CODE_SIGN_STYLE = Automatic;
				DEVELOPMENT_TEAM = PELSMU7R83;
				INFOPLIST_FILE = WQARkitUITests/Info.plist;
				LD_RUNPATH_SEARCH_PATHS = "$(inherited) @executable_path/Frameworks @loader_path/Frameworks";
				PRODUCT_BUNDLE_IDENTIFIER = com.huwenqiang.WQARkitUITests;
				PRODUCT_NAME = "$(TARGET_NAME)";
				SWIFT_VERSION = 4.0;
				TARGETED_DEVICE_FAMILY = "1,2";
				TEST_TARGET_NAME = WQARkit;
			};
			name = Debug;
		};
		85CC6AB01F871CBB00EA62F4 /* Release */ = {
			isa = XCBuildConfiguration;
			buildSettings = {
				ALWAYS_EMBED_SWIFT_STANDARD_LIBRARIES = YES;
				CODE_SIGN_STYLE = Automatic;
				DEVELOPMENT_TEAM = PELSMU7R83;
				INFOPLIST_FILE = WQARkitUITests/Info.plist;
				LD_RUNPATH_SEARCH_PATHS = "$(inherited) @executable_path/Frameworks @loader_path/Frameworks";
				PRODUCT_BUNDLE_IDENTIFIER = com.huwenqiang.WQARkitUITests;
				PRODUCT_NAME = "$(TARGET_NAME)";
				SWIFT_VERSION = 4.0;
				TARGETED_DEVICE_FAMILY = "1,2";
				TEST_TARGET_NAME = WQARkit;
			};
			name = Release;
		};
/* End XCBuildConfiguration section */

/* Begin XCConfigurationList section */
		85CC6A791F871CBB00EA62F4 /* Build configuration list for PBXProject "WQARkit" */ = {
			isa = XCConfigurationList;
			buildConfigurations = (
				85CC6AA61F871CBB00EA62F4 /* Debug */,
				85CC6AA71F871CBB00EA62F4 /* Release */,
			);
			defaultConfigurationIsVisible = 0;
			defaultConfigurationName = Release;
		};
		85CC6AA81F871CBB00EA62F4 /* Build configuration list for PBXNativeTarget "WQARkit" */ = {
			isa = XCConfigurationList;
			buildConfigurations = (
				85CC6AA91F871CBB00EA62F4 /* Debug */,
				85CC6AAA1F871CBB00EA62F4 /* Release */,
			);
			defaultConfigurationIsVisible = 0;
			defaultConfigurationName = Release;
		};
		85CC6AAB1F871CBB00EA62F4 /* Build configuration list for PBXNativeTarget "WQARkitTests" */ = {
			isa = XCConfigurationList;
			buildConfigurations = (
				85CC6AAC1F871CBB00EA62F4 /* Debug */,
				85CC6AAD1F871CBB00EA62F4 /* Release */,
			);
			defaultConfigurationIsVisible = 0;
			defaultConfigurationName = Release;
		};
		85CC6AAE1F871CBB00EA62F4 /* Build configuration list for PBXNativeTarget "WQARkitUITests" */ = {
			isa = XCConfigurationList;
			buildConfigurations = (
				85CC6AAF1F871CBB00EA62F4 /* Debug */,
				85CC6AB01F871CBB00EA62F4 /* Release */,
			);
			defaultConfigurationIsVisible = 0;
			defaultConfigurationName = Release;
		};
/* End XCConfigurationList section */
	};
	rootObject = 85CC6A761F871CBB00EA62F4 /* Project object */;
}
